// !$*UTF8*$!
{
	archiveVersion = 1;
	classes = {
	};
	objectVersion = 46;
	objects = {

/* Begin PBXBuildFile section */
		99DAF2501B77755400947D9C /* libMontserrat.a in Frameworks */ = {isa = PBXBuildFile; fileRef = 99DAF2441B77755300947D9C /* libMontserrat.a */; };
		99DAF2711B77759D00947D9C /* UIButton+Montserrat.m in Sources */ = {isa = PBXBuildFile; fileRef = 99DAF2681B77759D00947D9C /* UIButton+Montserrat.m */; };
		99DAF2721B77759D00947D9C /* UIFont+Montserrat.m in Sources */ = {isa = PBXBuildFile; fileRef = 99DAF26A1B77759D00947D9C /* UIFont+Montserrat.m */; };
		99DAF2731B77759D00947D9C /* UILabel+Montserrat.m in Sources */ = {isa = PBXBuildFile; fileRef = 99DAF26C1B77759D00947D9C /* UILabel+Montserrat.m */; };
		99DAF2741B77759D00947D9C /* UITextField+Montserrat.m in Sources */ = {isa = PBXBuildFile; fileRef = 99DAF26E1B77759D00947D9C /* UITextField+Montserrat.m */; };
		99DAF2751B77759D00947D9C /* UITextView+Montserrat.m in Sources */ = {isa = PBXBuildFile; fileRef = 99DAF2701B77759D00947D9C /* UITextView+Montserrat.m */; };
/* End PBXBuildFile section */

/* Begin PBXContainerItemProxy section */
		99DAF2511B77755400947D9C /* PBXContainerItemProxy */ = {
			isa = PBXContainerItemProxy;
			containerPortal = 99DAF23C1B77755300947D9C /* Project object */;
			proxyType = 1;
			remoteGlobalIDString = 99DAF2431B77755300947D9C;
			remoteInfo = Montserrat;
		};
/* End PBXContainerItemProxy section */

/* Begin PBXCopyFilesBuildPhase section */
		99DAF2421B77755300947D9C /* CopyFiles */ = {
			isa = PBXCopyFilesBuildPhase;
			buildActionMask = 2147483647;
			dstPath = "include/$(PRODUCT_NAME)";
			dstSubfolderSpec = 16;
			files = (
			);
			runOnlyForDeploymentPostprocessing = 0;
		};
/* End PBXCopyFilesBuildPhase section */

/* Begin PBXFileReference section */
		99DAF2441B77755300947D9C /* libMontserrat.a */ = {isa = PBXFileReference; explicitFileType = archive.ar; includeInIndex = 0; path = libMontserrat.a; sourceTree = BUILT_PRODUCTS_DIR; };
		99DAF24F1B77755400947D9C /* MontserratTests.xctest */ = {isa = PBXFileReference; explicitFileType = wrapper.cfbundle; includeInIndex = 0; path = MontserratTests.xctest; sourceTree = BUILT_PRODUCTS_DIR; };
		99DAF2551B77755400947D9C /* Info.plist */ = {isa = PBXFileReference; lastKnownFileType = text.plist.xml; path = Info.plist; sourceTree = "<group>"; };
		99DAF2671B77759D00947D9C /* UIButton+Montserrat.h */ = {isa = PBXFileReference; fileEncoding = 4; lastKnownFileType = sourcecode.c.h; path = "UIButton+Montserrat.h"; sourceTree = "<group>"; };
		99DAF2681B77759D00947D9C /* UIButton+Montserrat.m */ = {isa = PBXFileReference; fileEncoding = 4; lastKnownFileType = sourcecode.c.objc; path = "UIButton+Montserrat.m"; sourceTree = "<group>"; };
		99DAF2691B77759D00947D9C /* UIFont+Montserrat.h */ = {isa = PBXFileReference; fileEncoding = 4; lastKnownFileType = sourcecode.c.h; path = "UIFont+Montserrat.h"; sourceTree = "<group>"; };
		99DAF26A1B77759D00947D9C /* UIFont+Montserrat.m */ = {isa = PBXFileReference; fileEncoding = 4; lastKnownFileType = sourcecode.c.objc; path = "UIFont+Montserrat.m"; sourceTree = "<group>"; };
		99DAF26B1B77759D00947D9C /* UILabel+Montserrat.h */ = {isa = PBXFileReference; fileEncoding = 4; lastKnownFileType = sourcecode.c.h; path = "UILabel+Montserrat.h"; sourceTree = "<group>"; };
		99DAF26C1B77759D00947D9C /* UILabel+Montserrat.m */ = {isa = PBXFileReference; fileEncoding = 4; lastKnownFileType = sourcecode.c.objc; path = "UILabel+Montserrat.m"; sourceTree = "<group>"; };
		99DAF26D1B77759D00947D9C /* UITextField+Montserrat.h */ = {isa = PBXFileReference; fileEncoding = 4; lastKnownFileType = sourcecode.c.h; path = "UITextField+Montserrat.h"; sourceTree = "<group>"; };
		99DAF26E1B77759D00947D9C /* UITextField+Montserrat.m */ = {isa = PBXFileReference; fileEncoding = 4; lastKnownFileType = sourcecode.c.objc; path = "UITextField+Montserrat.m"; sourceTree = "<group>"; };
		99DAF26F1B77759D00947D9C /* UITextView+Montserrat.h */ = {isa = PBXFileReference; fileEncoding = 4; lastKnownFileType = sourcecode.c.h; path = "UITextView+Montserrat.h"; sourceTree = "<group>"; };
		99DAF2701B77759D00947D9C /* UITextView+Montserrat.m */ = {isa = PBXFileReference; fileEncoding = 4; lastKnownFileType = sourcecode.c.objc; path = "UITextView+Montserrat.m"; sourceTree = "<group>"; };
/* End PBXFileReference section */

/* Begin PBXFrameworksBuildPhase section */
		99DAF2411B77755300947D9C /* Frameworks */ = {
			isa = PBXFrameworksBuildPhase;
			buildActionMask = 2147483647;
			files = (
			);
			runOnlyForDeploymentPostprocessing = 0;
		};
		99DAF24C1B77755400947D9C /* Frameworks */ = {
			isa = PBXFrameworksBuildPhase;
			buildActionMask = 2147483647;
			files = (
				99DAF2501B77755400947D9C /* libMontserrat.a in Frameworks */,
			);
			runOnlyForDeploymentPostprocessing = 0;
		};
/* End PBXFrameworksBuildPhase section */

/* Begin PBXGroup section */
		99DAF23B1B77755300947D9C = {
			isa = PBXGroup;
			children = (
				99DAF2461B77755300947D9C /* Montserrat */,
				99DAF2531B77755400947D9C /* MontserratTests */,
				99DAF2451B77755300947D9C /* Products */,
			);
			sourceTree = "<group>";
		};
		99DAF2451B77755300947D9C /* Products */ = {
			isa = PBXGroup;
			children = (
				99DAF2441B77755300947D9C /* libMontserrat.a */,
				99DAF24F1B77755400947D9C /* MontserratTests.xctest */,
			);
			name = Products;
			sourceTree = "<group>";
		};
		99DAF2461B77755300947D9C /* Montserrat */ = {
			isa = PBXGroup;
			children = (
				99DAF2671B77759D00947D9C /* UIButton+Montserrat.h */,
				99DAF2681B77759D00947D9C /* UIButton+Montserrat.m */,
				99DAF2691B77759D00947D9C /* UIFont+Montserrat.h */,
				99DAF26A1B77759D00947D9C /* UIFont+Montserrat.m */,
				99DAF26B1B77759D00947D9C /* UILabel+Montserrat.h */,
				99DAF26C1B77759D00947D9C /* UILabel+Montserrat.m */,
				99DAF26D1B77759D00947D9C /* UITextField+Montserrat.h */,
				99DAF26E1B77759D00947D9C /* UITextField+Montserrat.m */,
				99DAF26F1B77759D00947D9C /* UITextView+Montserrat.h */,
				99DAF2701B77759D00947D9C /* UITextView+Montserrat.m */,
			);
			path = Montserrat;
			sourceTree = "<group>";
		};
		99DAF2531B77755400947D9C /* MontserratTests */ = {
			isa = PBXGroup;
			children = (
				99DAF2541B77755400947D9C /* Supporting Files */,
			);
			path = MontserratTests;
			sourceTree = "<group>";
		};
		99DAF2541B77755400947D9C /* Supporting Files */ = {
			isa = PBXGroup;
			children = (
				99DAF2551B77755400947D9C /* Info.plist */,
			);
			name = "Supporting Files";
			sourceTree = "<group>";
		};
/* End PBXGroup section */

/* Begin PBXNativeTarget section */
		99DAF2431B77755300947D9C /* Montserrat */ = {
			isa = PBXNativeTarget;
			buildConfigurationList = 99DAF2581B77755400947D9C /* Build configuration list for PBXNativeTarget "Montserrat" */;
			buildPhases = (
				99DAF2401B77755300947D9C /* Sources */,
				99DAF2411B77755300947D9C /* Frameworks */,
				99DAF2421B77755300947D9C /* CopyFiles */,
			);
			buildRules = (
			);
			dependencies = (
			);
			name = Montserrat;
			productName = Montserrat;
			productReference = 99DAF2441B77755300947D9C /* libMontserrat.a */;
			productType = "com.apple.product-type.library.static";
		};
		99DAF24E1B77755400947D9C /* MontserratTests */ = {
			isa = PBXNativeTarget;
			buildConfigurationList = 99DAF25B1B77755400947D9C /* Build configuration list for PBXNativeTarget "MontserratTests" */;
			buildPhases = (
				99DAF24B1B77755400947D9C /* Sources */,
				99DAF24C1B77755400947D9C /* Frameworks */,
				99DAF24D1B77755400947D9C /* Resources */,
			);
			buildRules = (
			);
			dependencies = (
				99DAF2521B77755400947D9C /* PBXTargetDependency */,
			);
			name = MontserratTests;
			productName = MontserratTests;
			productReference = 99DAF24F1B77755400947D9C /* MontserratTests.xctest */;
			productType = "com.apple.product-type.bundle.unit-test";
		};
/* End PBXNativeTarget section */

/* Begin PBXProject section */
		99DAF23C1B77755300947D9C /* Project object */ = {
			isa = PBXProject;
			attributes = {
				LastUpgradeCheck = 0710;
				ORGANIZATIONNAME = LDK;
				TargetAttributes = {
					99DAF2431B77755300947D9C = {
						CreatedOnToolsVersion = 6.4;
					};
					99DAF24E1B77755400947D9C = {
						CreatedOnToolsVersion = 6.4;
					};
				};
			};
			buildConfigurationList = 99DAF23F1B77755300947D9C /* Build configuration list for PBXProject "Montserrat" */;
			compatibilityVersion = "Xcode 3.2";
			developmentRegion = English;
			hasScannedForEncodings = 0;
			knownRegions = (
				en,
			);
			mainGroup = 99DAF23B1B77755300947D9C;
			productRefGroup = 99DAF2451B77755300947D9C /* Products */;
			projectDirPath = "";
			projectRoot = "";
			targets = (
				99DAF2431B77755300947D9C /* Montserrat */,
				99DAF24E1B77755400947D9C /* MontserratTests */,
			);
		};
/* End PBXProject section */

/* Begin PBXResourcesBuildPhase section */
		99DAF24D1B77755400947D9C /* Resources */ = {
			isa = PBXResourcesBuildPhase;
			buildActionMask = 2147483647;
			files = (
			);
			runOnlyForDeploymentPostprocessing = 0;
		};
/* End PBXResourcesBuildPhase section */

/* Begin PBXSourcesBuildPhase section */
		99DAF2401B77755300947D9C /* Sources */ = {
			isa = PBXSourcesBuildPhase;
			buildActionMask = 2147483647;
			files = (
				99DAF2751B77759D00947D9C /* UITextView+Montserrat.m in Sources */,
				99DAF2741B77759D00947D9C /* UITextField+Montserrat.m in Sources */,
				99DAF2711B77759D00947D9C /* UIButton+Montserrat.m in Sources */,
				99DAF2721B77759D00947D9C /* UIFont+Montserrat.m in Sources */,
				99DAF2731B77759D00947D9C /* UILabel+Montserrat.m in Sources */,
			);
			runOnlyForDeploymentPostprocessing = 0;
		};
		99DAF24B1B77755400947D9C /* Sources */ = {
			isa = PBXSourcesBuildPhase;
			buildActionMask = 2147483647;
			files = (
			);
			runOnlyForDeploymentPostprocessing = 0;
		};
/* End PBXSourcesBuildPhase section */

/* Begin PBXTargetDependency section */
		99DAF2521B77755400947D9C /* PBXTargetDependency */ = {
			isa = PBXTargetDependency;
			target = 99DAF2431B77755300947D9C /* Montserrat */;
			targetProxy = 99DAF2511B77755400947D9C /* PBXContainerItemProxy */;
		};
/* End PBXTargetDependency section */

/* Begin XCBuildConfiguration section */
		99DAF2561B77755400947D9C /* Debug */ = {
			isa = XCBuildConfiguration;
			buildSettings = {
				ALWAYS_SEARCH_USER_PATHS = NO;
				CLANG_CXX_LANGUAGE_STANDARD = "gnu++0x";
				CLANG_CXX_LIBRARY = "libc++";
				CLANG_ENABLE_MODULES = YES;
				CLANG_ENABLE_OBJC_ARC = YES;
				CLANG_WARN_BOOL_CONVERSION = YES;
				CLANG_WARN_CONSTANT_CONVERSION = YES;
				CLANG_WARN_DIRECT_OBJC_ISA_USAGE = YES_ERROR;
				CLANG_WARN_EMPTY_BODY = YES;
				CLANG_WARN_ENUM_CONVERSION = YES;
				CLANG_WARN_INT_CONVERSION = YES;
				CLANG_WARN_OBJC_ROOT_CLASS = YES_ERROR;
				CLANG_WARN_UNREACHABLE_CODE = YES;
				CLANG_WARN__DUPLICATE_METHOD_MATCH = YES;
				COPY_PHASE_STRIP = NO;
				DEBUG_INFORMATION_FORMAT = "dwarf-with-dsym";
				ENABLE_STRICT_OBJC_MSGSEND = YES;
				ENABLE_TESTABILITY = YES;
				GCC_C_LANGUAGE_STANDARD = gnu99;
				GCC_DYNAMIC_NO_PIC = NO;
				GCC_NO_COMMON_BLOCKS = YES;
				GCC_OPTIMIZATION_LEVEL = 0;
				GCC_PREPROCESSOR_DEFINITIONS = (
					"DEBUG=1",
					"$(inherited)",
				);
				GCC_SYMBOLS_PRIVATE_EXTERN = NO;
				GCC_WARN_64_TO_32_BIT_CONVERSION = YES;
				GCC_WARN_ABOUT_RETURN_TYPE = YES_ERROR;
				GCC_WARN_UNDECLARED_SELECTOR = YES;
				GCC_WARN_UNINITIALIZED_AUTOS = YES_AGGRESSIVE;
				GCC_WARN_UNUSED_FUNCTION = YES;
				GCC_WARN_UNUSED_VARIABLE = YES;
				IPHONEOS_DEPLOYMENT_TARGET = 8.4;
				MTL_ENABLE_DEBUG_INFO = YES;
				ONLY_ACTIVE_ARCH = YES;
				SDKROOT = iphoneos;
			};
			name = Debug;
		};
		99DAF2571B77755400947D9C /* Release */ = {
			isa = XCBuildConfiguration;
			buildSettings = {
				ALWAYS_SEARCH_USER_PATHS = NO;
				CLANG_CXX_LANGUAGE_STANDARD = "gnu++0x";
				CLANG_CXX_LIBRARY = "libc++";
				CLANG_ENABLE_MODULES = YES;
				CLANG_ENABLE_OBJC_ARC = YES;
				CLANG_WARN_BOOL_CONVERSION = YES;
				CLANG_WARN_CONSTANT_CONVERSION = YES;
				CLANG_WARN_DIRECT_OBJC_ISA_USAGE = YES_ERROR;
				CLANG_WARN_EMPTY_BODY = YES;
				CLANG_WARN_ENUM_CONVERSION = YES;
				CLANG_WARN_INT_CONVERSION = YES;
				CLANG_WARN_OBJC_ROOT_CLASS = YES_ERROR;
				CLANG_WARN_UNREACHABLE_CODE = YES;
				CLANG_WARN__DUPLICATE_METHOD_MATCH = YES;
				COPY_PHASE_STRIP = NO;
				DEBUG_INFORMATION_FORMAT = "dwarf-with-dsym";
				ENABLE_NS_ASSERTIONS = NO;
				ENABLE_STRICT_OBJC_MSGSEND = YES;
				GCC_C_LANGUAGE_STANDARD = gnu99;
				GCC_NO_COMMON_BLOCKS = YES;
				GCC_WARN_64_TO_32_BIT_CONVERSION = YES;
				GCC_WARN_ABOUT_RETURN_TYPE = YES_ERROR;
				GCC_WARN_UNDECLARED_SELECTOR = YES;
				GCC_WARN_UNINITIALIZED_AUTOS = YES_AGGRESSIVE;
				GCC_WARN_UNUSED_FUNCTION = YES;
				GCC_WARN_UNUSED_VARIABLE = YES;
				IPHONEOS_DEPLOYMENT_TARGET = 8.4;
				MTL_ENABLE_DEBUG_INFO = NO;
				SDKROOT = iphoneos;
				VALIDATE_PRODUCT = YES;
			};
			name = Release;
		};
		99DAF2591B77755400947D9C /* Debug */ = {
			isa = XCBuildConfiguration;
			buildSettings = {
				IPHONEOS_DEPLOYMENT_TARGET = 8.0;
				OTHER_LDFLAGS = "-ObjC";
				PRODUCT_NAME = "$(TARGET_NAME)";
				SKIP_INSTALL = YES;
			};
			name = Debug;
		};
		99DAF25A1B77755400947D9C /* Release */ = {
			isa = XCBuildConfiguration;
			buildSettings = {
				IPHONEOS_DEPLOYMENT_TARGET = 8.0;
				OTHER_LDFLAGS = "-ObjC";
				PRODUCT_NAME = "$(TARGET_NAME)";
				SKIP_INSTALL = YES;
			};
			name = Release;
		};
		99DAF25C1B77755400947D9C /* Debug */ = {
			isa = XCBuildConfiguration;
			buildSettings = {
				"CODE_SIGN_IDENTITY[sdk=iphoneos*]" = "iPhone Developer";
				FRAMEWORK_SEARCH_PATHS = (
					"$(SDKROOT)/Developer/Library/Frameworks",
					"$(inherited)",
				);
				GCC_PREPROCESSOR_DEFINITIONS = (
					"DEBUG=1",
					"$(inherited)",
				);
				INFOPLIST_FILE = MontserratTests/Info.plist;
				LD_RUNPATH_SEARCH_PATHS = "$(inherited) @executable_path/Frameworks @loader_path/Frameworks";
				PRODUCT_BUNDLE_IDENTIFIER = "com.ldkop.$(PRODUCT_NAME:rfc1034identifier)";
				PRODUCT_NAME = "$(TARGET_NAME)";
			};
			name = Debug;
		};
		99DAF25D1B77755400947D9C /* Release */ = {
			isa = XCBuildConfiguration;
			buildSettings = {
				"CODE_SIGN_IDENTITY[sdk=iphoneos*]" = "iPhone Developer";
				FRAMEWORK_SEARCH_PATHS = (
					"$(SDKROOT)/Developer/Library/Frameworks",
					"$(inherited)",
				);
				INFOPLIST_FILE = MontserratTests/Info.plist;
				LD_RUNPATH_SEARCH_PATHS = "$(inherited) @executable_path/Frameworks @loader_path/Frameworks";
				PRODUCT_BUNDLE_IDENTIFIER = "com.ldkop.$(PRODUCT_NAME:rfc1034identifier)";
				PRODUCT_NAME = "$(TARGET_NAME)";
			};
			name = Release;
		};
/* End XCBuildConfiguration section */

/* Begin XCConfigurationList section */
		99DAF23F1B77755300947D9C /* Build configuration list for PBXProject "Montserrat" */ = {
			isa = XCConfigurationList;
			buildConfigurations = (
				99DAF2561B77755400947D9C /* Debug */,
				99DAF2571B77755400947D9C /* Release */,
			);
			defaultConfigurationIsVisible = 0;
			defaultConfigurationName = Release;
		};
		99DAF2581B77755400947D9C /* Build configuration list for PBXNativeTarget "Montserrat" */ = {
			isa = XCConfigurationList;
			buildConfigurations = (
				99DAF2591B77755400947D9C /* Debug */,
				99DAF25A1B77755400947D9C /* Release */,
			);
			defaultConfigurationIsVisible = 0;
			defaultConfigurationName = Release;
		};
		99DAF25B1B77755400947D9C /* Build configuration list for PBXNativeTarget "MontserratTests" */ = {
			isa = XCConfigurationList;
			buildConfigurations = (
				99DAF25C1B77755400947D9C /* Debug */,
				99DAF25D1B77755400947D9C /* Release */,
			);
			defaultConfigurationIsVisible = 0;
			defaultConfigurationName = Release;
		};
/* End XCConfigurationList section */
	};
	rootObject = 99DAF23C1B77755300947D9C /* Project object */;
}
